// !$*UTF8*$!
{
	archiveVersion = 1;
	classes = {
	};
	objectVersion = 56;
	objects = {

/* Begin PBXBuildFile section */
		3B56611D2AF814910012D200 /* AvocadosApp.swift in Sources */ = {isa = PBXBuildFile; fileRef = 3B56611C2AF814910012D200 /* AvocadosApp.swift */; };
		3B5661212AF814920012D200 /* Assets.xcassets in Resources */ = {isa = PBXBuildFile; fileRef = 3B5661202AF814920012D200 /* Assets.xcassets */; };
		3B5661242AF814920012D200 /* Preview Assets.xcassets in Resources */ = {isa = PBXBuildFile; fileRef = 3B5661232AF814920012D200 /* Preview Assets.xcassets */; };
		3B5661352AF815650012D200 /* HomeView.swift in Sources */ = {isa = PBXBuildFile; fileRef = 3B5661342AF815650012D200 /* HomeView.swift */; };
		3BEC1D082AFF947C00B17CED /* AvocadosView.swift in Sources */ = {isa = PBXBuildFile; fileRef = 3BEC1D072AFF947C00B17CED /* AvocadosView.swift */; };
		3BEC1D0A2AFF948800B17CED /* RecipeView.swift in Sources */ = {isa = PBXBuildFile; fileRef = 3BEC1D092AFF948800B17CED /* RecipeView.swift */; };
		3BEC1D0C2AFF949300B17CED /* SettingView.swift in Sources */ = {isa = PBXBuildFile; fileRef = 3BEC1D0B2AFF949300B17CED /* SettingView.swift */; };
		3BEC1D0F2AFF94CF00B17CED /* MainTabView.swift in Sources */ = {isa = PBXBuildFile; fileRef = 3BEC1D0E2AFF94CF00B17CED /* MainTabView.swift */; };
		3BEC1D122AFF996800B17CED /* View-Extension.swift in Sources */ = {isa = PBXBuildFile; fileRef = 3BEC1D112AFF996800B17CED /* View-Extension.swift */; };
		3BEC1D142AFF9B8200B17CED /* Localizable.strings in Resources */ = {isa = PBXBuildFile; fileRef = 3BEC1D132AFF9B8200B17CED /* Localizable.strings */; };
		3BEC1D172AFFA00E00B17CED /* HeaderView.swift in Sources */ = {isa = PBXBuildFile; fileRef = 3BEC1D162AFFA00E00B17CED /* HeaderView.swift */; };
		3BEC1D1C2AFFB6F900B17CED /* HeaderData.swift in Sources */ = {isa = PBXBuildFile; fileRef = 3BEC1D1B2AFFB6F900B17CED /* HeaderData.swift */; };
		3BEC1D1E2AFFB74F00B17CED /* HeaderViewModel.swift in Sources */ = {isa = PBXBuildFile; fileRef = 3BEC1D1D2AFFB74F00B17CED /* HeaderViewModel.swift */; };
		3BEC1D222AFFB98700B17CED /* Animation.swift in Sources */ = {isa = PBXBuildFile; fileRef = 3BEC1D212AFFB98700B17CED /* Animation.swift */; };
		3BEC1D242AFFC04C00B17CED /* DishesView.swift in Sources */ = {isa = PBXBuildFile; fileRef = 3BEC1D232AFFC04C00B17CED /* DishesView.swift */; };
		3BEC1D262AFFC15A00B17CED /* DishesItemView.swift in Sources */ = {isa = PBXBuildFile; fileRef = 3BEC1D252AFFC15A00B17CED /* DishesItemView.swift */; };
		3BEC1D292AFFC25900B17CED /* IconModifier.swift in Sources */ = {isa = PBXBuildFile; fileRef = 3BEC1D282AFFC25900B17CED /* IconModifier.swift */; };
		3BEC1D2C2AFFC42500B17CED /* HeaderTestData.swift in Sources */ = {isa = PBXBuildFile; fileRef = 3BEC1D2B2AFFC42500B17CED /* HeaderTestData.swift */; };
		3BEC1D2E2AFFC46E00B17CED /* DishesTestItem.swift in Sources */ = {isa = PBXBuildFile; fileRef = 3BEC1D2D2AFFC46E00B17CED /* DishesTestItem.swift */; };
		3BEC1D302AFFCF2800B17CED /* TitleModiFier.swift in Sources */ = {isa = PBXBuildFile; fileRef = 3BEC1D2F2AFFCF2800B17CED /* TitleModiFier.swift */; };
		3BEC1D342AFFD45300B17CED /* FactsView.swift in Sources */ = {isa = PBXBuildFile; fileRef = 3BEC1D332AFFD45300B17CED /* FactsView.swift */; };
		3BEC1D362AFFD47C00B17CED /* FactsViewModel.swift in Sources */ = {isa = PBXBuildFile; fileRef = 3BEC1D352AFFD47C00B17CED /* FactsViewModel.swift */; };
		3BEC1D382AFFD4D400B17CED /* FactsTestData.swift in Sources */ = {isa = PBXBuildFile; fileRef = 3BEC1D372AFFD4D400B17CED /* FactsTestData.swift */; };
		3BEC1D3A2AFFD4EE00B17CED /* FactData.swift in Sources */ = {isa = PBXBuildFile; fileRef = 3BEC1D392AFFD4EE00B17CED /* FactData.swift */; };
		3BEC1D3C2AFFE2EF00B17CED /* RecipeData.swift in Sources */ = {isa = PBXBuildFile; fileRef = 3BEC1D3B2AFFE2EF00B17CED /* RecipeData.swift */; };
		3BEC1D3E2AFFE2FA00B17CED /* RecipeViewModel.swift in Sources */ = {isa = PBXBuildFile; fileRef = 3BEC1D3D2AFFE2FA00B17CED /* RecipeViewModel.swift */; };
		3BEC1D402AFFE36700B17CED /* RecipeTestData.swift in Sources */ = {isa = PBXBuildFile; fileRef = 3BEC1D3F2AFFE36700B17CED /* RecipeTestData.swift */; };
		3BEC1D442AFFE42C00B17CED /* RecipeCardView.swift in Sources */ = {isa = PBXBuildFile; fileRef = 3BEC1D432AFFE42C00B17CED /* RecipeCardView.swift */; };
		3BEC1D4B2B00955C00B17CED /* RecipeCardItemView.swift in Sources */ = {isa = PBXBuildFile; fileRef = 3BEC1D4A2B00955C00B17CED /* RecipeCardItemView.swift */; };
		3BEC1D4F2B009B4900B17CED /* RecipeDetaileView.swift in Sources */ = {isa = PBXBuildFile; fileRef = 3BEC1D4E2B009B4900B17CED /* RecipeDetaileView.swift */; };
		3BEC1D542B00A65B00B17CED /* RipeningView.swift in Sources */ = {isa = PBXBuildFile; fileRef = 3BEC1D532B00A65B00B17CED /* RipeningView.swift */; };
		3BEC1D562B00A68700B17CED /* RipeningData.swift in Sources */ = {isa = PBXBuildFile; fileRef = 3BEC1D552B00A68700B17CED /* RipeningData.swift */; };
		3BEC1D582B00A6C200B17CED /* RipeningTestData.swift in Sources */ = {isa = PBXBuildFile; fileRef = 3BEC1D572B00A6C200B17CED /* RipeningTestData.swift */; };
		3BEC1D5A2B00A72200B17CED /* RipeningViewModel.swift in Sources */ = {isa = PBXBuildFile; fileRef = 3BEC1D592B00A72200B17CED /* RipeningViewModel.swift */; };
		3BEC1D5C2B00AE4500B17CED /* RipeningStagesView.swift in Sources */ = {isa = PBXBuildFile; fileRef = 3BEC1D5B2B00AE4500B17CED /* RipeningStagesView.swift */; };
/* End PBXBuildFile section */

/* Begin PBXFileReference section */
		3B5661192AF814910012D200 /* Avocados.app */ = {isa = PBXFileReference; explicitFileType = wrapper.application; includeInIndex = 0; path = Avocados.app; sourceTree = BUILT_PRODUCTS_DIR; };
		3B56611C2AF814910012D200 /* AvocadosApp.swift */ = {isa = PBXFileReference; lastKnownFileType = sourcecode.swift; path = AvocadosApp.swift; sourceTree = "<group>"; };
		3B5661202AF814920012D200 /* Assets.xcassets */ = {isa = PBXFileReference; lastKnownFileType = folder.assetcatalog; path = Assets.xcassets; sourceTree = "<group>"; };
		3B5661232AF814920012D200 /* Preview Assets.xcassets */ = {isa = PBXFileReference; lastKnownFileType = folder.assetcatalog; path = "Preview Assets.xcassets"; sourceTree = "<group>"; };
		3B5661342AF815650012D200 /* HomeView.swift */ = {isa = PBXFileReference; lastKnownFileType = sourcecode.swift; path = HomeView.swift; sourceTree = "<group>"; };
		3B5661362AF815EF0012D200 /* Info.plist */ = {isa = PBXFileReference; lastKnownFileType = text.plist; path = Info.plist; sourceTree = "<group>"; };
		3BEC1D072AFF947C00B17CED /* AvocadosView.swift */ = {isa = PBXFileReference; lastKnownFileType = sourcecode.swift; path = AvocadosView.swift; sourceTree = "<group>"; };
		3BEC1D092AFF948800B17CED /* RecipeView.swift */ = {isa = PBXFileReference; lastKnownFileType = sourcecode.swift; path = RecipeView.swift; sourceTree = "<group>"; };
		3BEC1D0B2AFF949300B17CED /* SettingView.swift */ = {isa = PBXFileReference; lastKnownFileType = sourcecode.swift; path = SettingView.swift; sourceTree = "<group>"; };
		3BEC1D0E2AFF94CF00B17CED /* MainTabView.swift */ = {isa = PBXFileReference; lastKnownFileType = sourcecode.swift; path = MainTabView.swift; sourceTree = "<group>"; };
		3BEC1D112AFF996800B17CED /* View-Extension.swift */ = {isa = PBXFileReference; lastKnownFileType = sourcecode.swift; path = "View-Extension.swift"; sourceTree = "<group>"; };
		3BEC1D132AFF9B8200B17CED /* Localizable.strings */ = {isa = PBXFileReference; lastKnownFileType = text.plist.strings; path = Localizable.strings; sourceTree = "<group>"; };
		3BEC1D162AFFA00E00B17CED /* HeaderView.swift */ = {isa = PBXFileReference; lastKnownFileType = sourcecode.swift; path = HeaderView.swift; sourceTree = "<group>"; };
		3BEC1D1B2AFFB6F900B17CED /* HeaderData.swift */ = {isa = PBXFileReference; lastKnownFileType = sourcecode.swift; path = HeaderData.swift; sourceTree = "<group>"; };
		3BEC1D1D2AFFB74F00B17CED /* HeaderViewModel.swift */ = {isa = PBXFileReference; lastKnownFileType = sourcecode.swift; path = HeaderViewModel.swift; sourceTree = "<group>"; };
		3BEC1D212AFFB98700B17CED /* Animation.swift */ = {isa = PBXFileReference; lastKnownFileType = sourcecode.swift; path = Animation.swift; sourceTree = "<group>"; };
		3BEC1D232AFFC04C00B17CED /* DishesView.swift */ = {isa = PBXFileReference; lastKnownFileType = sourcecode.swift; path = DishesView.swift; sourceTree = "<group>"; };
		3BEC1D252AFFC15A00B17CED /* DishesItemView.swift */ = {isa = PBXFileReference; lastKnownFileType = sourcecode.swift; path = DishesItemView.swift; sourceTree = "<group>"; };
		3BEC1D282AFFC25900B17CED /* IconModifier.swift */ = {isa = PBXFileReference; lastKnownFileType = sourcecode.swift; path = IconModifier.swift; sourceTree = "<group>"; };
		3BEC1D2B2AFFC42500B17CED /* HeaderTestData.swift */ = {isa = PBXFileReference; lastKnownFileType = sourcecode.swift; path = HeaderTestData.swift; sourceTree = "<group>"; };
		3BEC1D2D2AFFC46E00B17CED /* DishesTestItem.swift */ = {isa = PBXFileReference; lastKnownFileType = sourcecode.swift; path = DishesTestItem.swift; sourceTree = "<group>"; };
		3BEC1D2F2AFFCF2800B17CED /* TitleModiFier.swift */ = {isa = PBXFileReference; lastKnownFileType = sourcecode.swift; path = TitleModiFier.swift; sourceTree = "<group>"; };
		3BEC1D332AFFD45300B17CED /* FactsView.swift */ = {isa = PBXFileReference; lastKnownFileType = sourcecode.swift; path = FactsView.swift; sourceTree = "<group>"; };
		3BEC1D352AFFD47C00B17CED /* FactsViewModel.swift */ = {isa = PBXFileReference; lastKnownFileType = sourcecode.swift; path = FactsViewModel.swift; sourceTree = "<group>"; };
		3BEC1D372AFFD4D400B17CED /* FactsTestData.swift */ = {isa = PBXFileReference; lastKnownFileType = sourcecode.swift; path = FactsTestData.swift; sourceTree = "<group>"; };
		3BEC1D392AFFD4EE00B17CED /* FactData.swift */ = {isa = PBXFileReference; lastKnownFileType = sourcecode.swift; path = FactData.swift; sourceTree = "<group>"; };
		3BEC1D3B2AFFE2EF00B17CED /* RecipeData.swift */ = {isa = PBXFileReference; lastKnownFileType = sourcecode.swift; path = RecipeData.swift; sourceTree = "<group>"; };
		3BEC1D3D2AFFE2FA00B17CED /* RecipeViewModel.swift */ = {isa = PBXFileReference; lastKnownFileType = sourcecode.swift; path = RecipeViewModel.swift; sourceTree = "<group>"; };
		3BEC1D3F2AFFE36700B17CED /* RecipeTestData.swift */ = {isa = PBXFileReference; lastKnownFileType = sourcecode.swift; path = RecipeTestData.swift; sourceTree = "<group>"; };
		3BEC1D432AFFE42C00B17CED /* RecipeCardView.swift */ = {isa = PBXFileReference; lastKnownFileType = sourcecode.swift; path = RecipeCardView.swift; sourceTree = "<group>"; };
		3BEC1D4A2B00955C00B17CED /* RecipeCardItemView.swift */ = {isa = PBXFileReference; lastKnownFileType = sourcecode.swift; path = RecipeCardItemView.swift; sourceTree = "<group>"; };
		3BEC1D4E2B009B4900B17CED /* RecipeDetaileView.swift */ = {isa = PBXFileReference; lastKnownFileType = sourcecode.swift; path = RecipeDetaileView.swift; sourceTree = "<group>"; };
		3BEC1D532B00A65B00B17CED /* RipeningView.swift */ = {isa = PBXFileReference; lastKnownFileType = sourcecode.swift; path = RipeningView.swift; sourceTree = "<group>"; };
		3BEC1D552B00A68700B17CED /* RipeningData.swift */ = {isa = PBXFileReference; lastKnownFileType = sourcecode.swift; path = RipeningData.swift; sourceTree = "<group>"; };
		3BEC1D572B00A6C200B17CED /* RipeningTestData.swift */ = {isa = PBXFileReference; lastKnownFileType = sourcecode.swift; path = RipeningTestData.swift; sourceTree = "<group>"; };
		3BEC1D592B00A72200B17CED /* RipeningViewModel.swift */ = {isa = PBXFileReference; lastKnownFileType = sourcecode.swift; path = RipeningViewModel.swift; sourceTree = "<group>"; };
		3BEC1D5B2B00AE4500B17CED /* RipeningStagesView.swift */ = {isa = PBXFileReference; lastKnownFileType = sourcecode.swift; path = RipeningStagesView.swift; sourceTree = "<group>"; };
/* End PBXFileReference section */

/* Begin PBXFrameworksBuildPhase section */
		3B5661162AF814910012D200 /* Frameworks */ = {
			isa = PBXFrameworksBuildPhase;
			buildActionMask = 2147483647;
			files = (
			);
			runOnlyForDeploymentPostprocessing = 0;
		};
/* End PBXFrameworksBuildPhase section */

/* Begin PBXGroup section */
		3B5661102AF814910012D200 = {
			isa = PBXGroup;
			children = (
				3B56611B2AF814910012D200 /* Avocados */,
				3B56611A2AF814910012D200 /* Products */,
			);
			sourceTree = "<group>";
		};
		3B56611A2AF814910012D200 /* Products */ = {
			isa = PBXGroup;
			children = (
				3B5661192AF814910012D200 /* Avocados.app */,
			);
			name = Products;
			sourceTree = "<group>";
		};
		3B56611B2AF814910012D200 /* Avocados */ = {
			isa = PBXGroup;
			children = (
				3B5661362AF815EF0012D200 /* Info.plist */,
				3B56611C2AF814910012D200 /* AvocadosApp.swift */,
				3BEC1D182AFFB6AE00B17CED /* Model */,
				3B56612F2AF814DC0012D200 /* View */,
				3BEC1D1A2AFFB6D700B17CED /* ViewModel */,
				3B5661332AF814FF0012D200 /* Supporting */,
				3BEC1D102AFF995400B17CED /* Extension */,
				3BEC1D1F2AFFB95600B17CED /* Util */,
				3B5661222AF814920012D200 /* Preview Content */,
			);
			path = Avocados;
			sourceTree = "<group>";
		};
		3B5661222AF814920012D200 /* Preview Content */ = {
			isa = PBXGroup;
			children = (
				3B5661232AF814920012D200 /* Preview Assets.xcassets */,
			);
			path = "Preview Content";
			sourceTree = "<group>";
		};
		3B56612F2AF814DC0012D200 /* View */ = {
			isa = PBXGroup;
			children = (
				3BEC1D272AFFC24000B17CED /* Modifire */,
				3BEC1D0D2AFF94A800B17CED /* Tab */,
			);
			path = View;
			sourceTree = "<group>";
		};
		3B5661302AF814EB0012D200 /* Home */ = {
			isa = PBXGroup;
			children = (
				3B5661342AF815650012D200 /* HomeView.swift */,
			);
			path = Home;
			sourceTree = "<group>";
		};
		3B5661332AF814FF0012D200 /* Supporting */ = {
			isa = PBXGroup;
			children = (
				3B5661202AF814920012D200 /* Assets.xcassets */,
				3BEC1D132AFF9B8200B17CED /* Localizable.strings */,
			);
			path = Supporting;
			sourceTree = "<group>";
		};
		3BEC1D042AFF944100B17CED /* Setting */ = {
			isa = PBXGroup;
			children = (
				3BEC1D0B2AFF949300B17CED /* SettingView.swift */,
			);
			path = Setting;
			sourceTree = "<group>";
		};
		3BEC1D052AFF945D00B17CED /* Ripening */ = {
			isa = PBXGroup;
			children = (
				3BEC1D5B2B00AE4500B17CED /* RipeningStagesView.swift */,
				3BEC1D5D2B00AE5600B17CED /* Component */,
			);
			path = Ripening;
			sourceTree = "<group>";
		};
		3BEC1D062AFF947100B17CED /* Avocados */ = {
			isa = PBXGroup;
			children = (
				3BEC1D072AFF947C00B17CED /* AvocadosView.swift */,
			);
			path = Avocados;
			sourceTree = "<group>";
		};
		3BEC1D0D2AFF94A800B17CED /* Tab */ = {
			isa = PBXGroup;
			children = (
				3BEC1D0E2AFF94CF00B17CED /* MainTabView.swift */,
				3BEC1D062AFF947100B17CED /* Avocados */,
				3BEC1D522B00A61900B17CED /* Recipe */,
				3BEC1D052AFF945D00B17CED /* Ripening */,
				3BEC1D042AFF944100B17CED /* Setting */,
				3B5661302AF814EB0012D200 /* Home */,
			);
			path = Tab;
			sourceTree = "<group>";
		};
		3BEC1D102AFF995400B17CED /* Extension */ = {
			isa = PBXGroup;
			children = (
				3BEC1D112AFF996800B17CED /* View-Extension.swift */,
			);
			path = Extension;
			sourceTree = "<group>";
		};
		3BEC1D152AFF9FEC00B17CED /* Component */ = {
			isa = PBXGroup;
			children = (
				3BEC1D162AFFA00E00B17CED /* HeaderView.swift */,
				3BEC1D252AFFC15A00B17CED /* DishesItemView.swift */,
				3BEC1D232AFFC04C00B17CED /* DishesView.swift */,
				3BEC1D332AFFD45300B17CED /* FactsView.swift */,
				3BEC1D432AFFE42C00B17CED /* RecipeCardView.swift */,
			);
			path = Component;
			sourceTree = "<group>";
		};
		3BEC1D182AFFB6AE00B17CED /* Model */ = {
			isa = PBXGroup;
			children = (
				3BEC1D192AFFB6C700B17CED /* Data */,
			);
			path = Model;
			sourceTree = "<group>";
		};
		3BEC1D192AFFB6C700B17CED /* Data */ = {
			isa = PBXGroup;
			children = (
				3BEC1D1B2AFFB6F900B17CED /* HeaderData.swift */,
				3BEC1D392AFFD4EE00B17CED /* FactData.swift */,
				3BEC1D3B2AFFE2EF00B17CED /* RecipeData.swift */,
				3BEC1D552B00A68700B17CED /* RipeningData.swift */,
			);
			path = Data;
			sourceTree = "<group>";
		};
		3BEC1D1A2AFFB6D700B17CED /* ViewModel */ = {
			isa = PBXGroup;
			children = (
				3BEC1D1D2AFFB74F00B17CED /* HeaderViewModel.swift */,
				3BEC1D352AFFD47C00B17CED /* FactsViewModel.swift */,
				3BEC1D3D2AFFE2FA00B17CED /* RecipeViewModel.swift */,
				3BEC1D592B00A72200B17CED /* RipeningViewModel.swift */,
			);
			path = ViewModel;
			sourceTree = "<group>";
		};
		3BEC1D1F2AFFB95600B17CED /* Util */ = {
			isa = PBXGroup;
			children = (
				3BEC1D2A2AFFC3FE00B17CED /* TestData */,
				3BEC1D202AFFB96F00B17CED /* Animation */,
			);
			path = Util;
			sourceTree = "<group>";
		};
		3BEC1D202AFFB96F00B17CED /* Animation */ = {
			isa = PBXGroup;
			children = (
				3BEC1D212AFFB98700B17CED /* Animation.swift */,
			);
			path = Animation;
			sourceTree = "<group>";
		};
		3BEC1D272AFFC24000B17CED /* Modifire */ = {
			isa = PBXGroup;
			children = (
				3BEC1D282AFFC25900B17CED /* IconModifier.swift */,
				3BEC1D2F2AFFCF2800B17CED /* TitleModiFier.swift */,
			);
			path = Modifire;
			sourceTree = "<group>";
		};
		3BEC1D2A2AFFC3FE00B17CED /* TestData */ = {
			isa = PBXGroup;
			children = (
				3BEC1D2B2AFFC42500B17CED /* HeaderTestData.swift */,
				3BEC1D2D2AFFC46E00B17CED /* DishesTestItem.swift */,
				3BEC1D372AFFD4D400B17CED /* FactsTestData.swift */,
				3BEC1D3F2AFFE36700B17CED /* RecipeTestData.swift */,
				3BEC1D572B00A6C200B17CED /* RipeningTestData.swift */,
			);
			path = TestData;
			sourceTree = "<group>";
		};
		3BEC1D4C2B009B0D00B17CED /* Recipe */ = {
			isa = PBXGroup;
			children = (
				3BEC1D092AFF948800B17CED /* RecipeView.swift */,
				3BEC1D152AFF9FEC00B17CED /* Component */,
			);
			path = Recipe;
			sourceTree = "<group>";
		};
		3BEC1D4D2B009B1A00B17CED /* RecipeDetaile */ = {
			isa = PBXGroup;
			children = (
				3BEC1D4E2B009B4900B17CED /* RecipeDetaileView.swift */,
			);
			path = RecipeDetaile;
			sourceTree = "<group>";
		};
		3BEC1D502B009C4800B17CED /* Common */ = {
			isa = PBXGroup;
			children = (
				3BEC1D512B009C6200B17CED /* Component */,
			);
			path = Common;
			sourceTree = "<group>";
		};
		3BEC1D512B009C6200B17CED /* Component */ = {
			isa = PBXGroup;
			children = (
				3BEC1D4A2B00955C00B17CED /* RecipeCardItemView.swift */,
			);
			path = Component;
			sourceTree = "<group>";
		};
		3BEC1D522B00A61900B17CED /* Recipe */ = {
			isa = PBXGroup;
			children = (
				3BEC1D4C2B009B0D00B17CED /* Recipe */,
				3BEC1D4D2B009B1A00B17CED /* RecipeDetaile */,
				3BEC1D502B009C4800B17CED /* Common */,
			);
			path = Recipe;
			sourceTree = "<group>";
		};
		3BEC1D5D2B00AE5600B17CED /* Component */ = {
			isa = PBXGroup;
			children = (
				3BEC1D532B00A65B00B17CED /* RipeningView.swift */,
			);
			path = Component;
			sourceTree = "<group>";
		};
/* End PBXGroup section */

/* Begin PBXNativeTarget section */
		3B5661182AF814910012D200 /* Avocados */ = {
			isa = PBXNativeTarget;
			buildConfigurationList = 3B56612C2AF814920012D200 /* Build configuration list for PBXNativeTarget "Avocados" */;
			buildPhases = (
				3B5661152AF814910012D200 /* Sources */,
				3B5661162AF814910012D200 /* Frameworks */,
				3B5661172AF814910012D200 /* Resources */,
			);
			buildRules = (
			);
			dependencies = (
			);
			name = Avocados;
			productName = Avocados;
			productReference = 3B5661192AF814910012D200 /* Avocados.app */;
			productType = "com.apple.product-type.application";
		};
/* End PBXNativeTarget section */

/* Begin PBXProject section */
		3B5661112AF814910012D200 /* Project object */ = {
			isa = PBXProject;
			attributes = {
				BuildIndependentTargetsInParallel = 1;
				LastSwiftUpdateCheck = 1500;
				LastUpgradeCheck = 1500;
				TargetAttributes = {
					3B5661182AF814910012D200 = {
						CreatedOnToolsVersion = 15.0.1;
					};
				};
			};
			buildConfigurationList = 3B5661142AF814910012D200 /* Build configuration list for PBXProject "Avocados" */;
			compatibilityVersion = "Xcode 14.0";
			developmentRegion = en;
			hasScannedForEncodings = 0;
			knownRegions = (
				en,
				Base,
			);
			mainGroup = 3B5661102AF814910012D200;
			productRefGroup = 3B56611A2AF814910012D200 /* Products */;
			projectDirPath = "";
			projectRoot = "";
			targets = (
				3B5661182AF814910012D200 /* Avocados */,
			);
		};
/* End PBXProject section */

/* Begin PBXResourcesBuildPhase section */
		3B5661172AF814910012D200 /* Resources */ = {
			isa = PBXResourcesBuildPhase;
			buildActionMask = 2147483647;
			files = (
				3B5661242AF814920012D200 /* Preview Assets.xcassets in Resources */,
				3BEC1D142AFF9B8200B17CED /* Localizable.strings in Resources */,
				3B5661212AF814920012D200 /* Assets.xcassets in Resources */,
			);
			runOnlyForDeploymentPostprocessing = 0;
		};
/* End PBXResourcesBuildPhase section */

/* Begin PBXSourcesBuildPhase section */
		3B5661152AF814910012D200 /* Sources */ = {
			isa = PBXSourcesBuildPhase;
			buildActionMask = 2147483647;
			files = (
				3BEC1D222AFFB98700B17CED /* Animation.swift in Sources */,
				3BEC1D0A2AFF948800B17CED /* RecipeView.swift in Sources */,
				3BEC1D3A2AFFD4EE00B17CED /* FactData.swift in Sources */,
				3BEC1D242AFFC04C00B17CED /* DishesView.swift in Sources */,
				3BEC1D5A2B00A72200B17CED /* RipeningViewModel.swift in Sources */,
				3BEC1D1E2AFFB74F00B17CED /* HeaderViewModel.swift in Sources */,
				3BEC1D0C2AFF949300B17CED /* SettingView.swift in Sources */,
				3BEC1D3E2AFFE2FA00B17CED /* RecipeViewModel.swift in Sources */,
				3B56611D2AF814910012D200 /* AvocadosApp.swift in Sources */,
				3BEC1D122AFF996800B17CED /* View-Extension.swift in Sources */,
				3B5661352AF815650012D200 /* HomeView.swift in Sources */,
				3BEC1D362AFFD47C00B17CED /* FactsViewModel.swift in Sources */,
				3BEC1D382AFFD4D400B17CED /* FactsTestData.swift in Sources */,
				3BEC1D2C2AFFC42500B17CED /* HeaderTestData.swift in Sources */,
				3BEC1D4F2B009B4900B17CED /* RecipeDetaileView.swift in Sources */,
				3BEC1D082AFF947C00B17CED /* AvocadosView.swift in Sources */,
				3BEC1D302AFFCF2800B17CED /* TitleModiFier.swift in Sources */,
				3BEC1D5C2B00AE4500B17CED /* RipeningStagesView.swift in Sources */,
				3BEC1D542B00A65B00B17CED /* RipeningView.swift in Sources */,
				3BEC1D0F2AFF94CF00B17CED /* MainTabView.swift in Sources */,
				3BEC1D1C2AFFB6F900B17CED /* HeaderData.swift in Sources */,
				3BEC1D402AFFE36700B17CED /* RecipeTestData.swift in Sources */,
				3BEC1D292AFFC25900B17CED /* IconModifier.swift in Sources */,
				3BEC1D582B00A6C200B17CED /* RipeningTestData.swift in Sources */,
				3BEC1D562B00A68700B17CED /* RipeningData.swift in Sources */,
				3BEC1D4B2B00955C00B17CED /* RecipeCardItemView.swift in Sources */,
				3BEC1D172AFFA00E00B17CED /* HeaderView.swift in Sources */,
				3BEC1D2E2AFFC46E00B17CED /* DishesTestItem.swift in Sources */,
				3BEC1D442AFFE42C00B17CED /* RecipeCardView.swift in Sources */,
				3BEC1D3C2AFFE2EF00B17CED /* RecipeData.swift in Sources */,
				3BEC1D342AFFD45300B17CED /* FactsView.swift in Sources */,
				3BEC1D262AFFC15A00B17CED /* DishesItemView.swift in Sources */,
			);
			runOnlyForDeploymentPostprocessing = 0;
		};
/* End PBXSourcesBuildPhase section */

/* Begin XCBuildConfiguration section */
		3B56612A2AF814920012D200 /* Debug */ = {
			isa = XCBuildConfiguration;
			buildSettings = {
				ALWAYS_SEARCH_USER_PATHS = NO;
				ASSETCATALOG_COMPILER_GENERATE_SWIFT_ASSET_SYMBOL_EXTENSIONS = YES;
				CLANG_ANALYZER_NONNULL = YES;
				CLANG_ANALYZER_NUMBER_OBJECT_CONVERSION = YES_AGGRESSIVE;
				CLANG_CXX_LANGUAGE_STANDARD = "gnu++20";
				CLANG_ENABLE_MODULES = YES;
				CLANG_ENABLE_OBJC_ARC = YES;
				CLANG_ENABLE_OBJC_WEAK = YES;
				CLANG_WARN_BLOCK_CAPTURE_AUTORELEASING = YES;
				CLANG_WARN_BOOL_CONVERSION = YES;
				CLANG_WARN_COMMA = YES;
				CLANG_WARN_CONSTANT_CONVERSION = YES;
				CLANG_WARN_DEPRECATED_OBJC_IMPLEMENTATIONS = YES;
				CLANG_WARN_DIRECT_OBJC_ISA_USAGE = YES_ERROR;
				CLANG_WARN_DOCUMENTATION_COMMENTS = YES;
				CLANG_WARN_EMPTY_BODY = YES;
				CLANG_WARN_ENUM_CONVERSION = YES;
				CLANG_WARN_INFINITE_RECURSION = YES;
				CLANG_WARN_INT_CONVERSION = YES;
				CLANG_WARN_NON_LITERAL_NULL_CONVERSION = YES;
				CLANG_WARN_OBJC_IMPLICIT_RETAIN_SELF = YES;
				CLANG_WARN_OBJC_LITERAL_CONVERSION = YES;
				CLANG_WARN_OBJC_ROOT_CLASS = YES_ERROR;
				CLANG_WARN_QUOTED_INCLUDE_IN_FRAMEWORK_HEADER = YES;
				CLANG_WARN_RANGE_LOOP_ANALYSIS = YES;
				CLANG_WARN_STRICT_PROTOTYPES = YES;
				CLANG_WARN_SUSPICIOUS_MOVE = YES;
				CLANG_WARN_UNGUARDED_AVAILABILITY = YES_AGGRESSIVE;
				CLANG_WARN_UNREACHABLE_CODE = YES;
				CLANG_WARN__DUPLICATE_METHOD_MATCH = YES;
				COPY_PHASE_STRIP = NO;
				DEBUG_INFORMATION_FORMAT = dwarf;
				ENABLE_STRICT_OBJC_MSGSEND = YES;
				ENABLE_TESTABILITY = YES;
				ENABLE_USER_SCRIPT_SANDBOXING = YES;
				GCC_C_LANGUAGE_STANDARD = gnu17;
				GCC_DYNAMIC_NO_PIC = NO;
				GCC_NO_COMMON_BLOCKS = YES;
				GCC_OPTIMIZATION_LEVEL = 0;
				GCC_PREPROCESSOR_DEFINITIONS = (
					"DEBUG=1",
					"$(inherited)",
				);
				GCC_WARN_64_TO_32_BIT_CONVERSION = YES;
				GCC_WARN_ABOUT_RETURN_TYPE = YES_ERROR;
				GCC_WARN_UNDECLARED_SELECTOR = YES;
				GCC_WARN_UNINITIALIZED_AUTOS = YES_AGGRESSIVE;
				GCC_WARN_UNUSED_FUNCTION = YES;
				GCC_WARN_UNUSED_VARIABLE = YES;
				IPHONEOS_DEPLOYMENT_TARGET = 17.0;
				LOCALIZATION_PREFERS_STRING_CATALOGS = YES;
				MTL_ENABLE_DEBUG_INFO = INCLUDE_SOURCE;
				MTL_FAST_MATH = YES;
				ONLY_ACTIVE_ARCH = YES;
				SDKROOT = iphoneos;
				SWIFT_ACTIVE_COMPILATION_CONDITIONS = "DEBUG $(inherited)";
				SWIFT_OPTIMIZATION_LEVEL = "-Onone";
			};
			name = Debug;
		};
		3B56612B2AF814920012D200 /* Release */ = {
			isa = XCBuildConfiguration;
			buildSettings = {
				ALWAYS_SEARCH_USER_PATHS = NO;
				ASSETCATALOG_COMPILER_GENERATE_SWIFT_ASSET_SYMBOL_EXTENSIONS = YES;
				CLANG_ANALYZER_NONNULL = YES;
				CLANG_ANALYZER_NUMBER_OBJECT_CONVERSION = YES_AGGRESSIVE;
				CLANG_CXX_LANGUAGE_STANDARD = "gnu++20";
				CLANG_ENABLE_MODULES = YES;
				CLANG_ENABLE_OBJC_ARC = YES;
				CLANG_ENABLE_OBJC_WEAK = YES;
				CLANG_WARN_BLOCK_CAPTURE_AUTORELEASING = YES;
				CLANG_WARN_BOOL_CONVERSION = YES;
				CLANG_WARN_COMMA = YES;
				CLANG_WARN_CONSTANT_CONVERSION = YES;
				CLANG_WARN_DEPRECATED_OBJC_IMPLEMENTATIONS = YES;
				CLANG_WARN_DIRECT_OBJC_ISA_USAGE = YES_ERROR;
				CLANG_WARN_DOCUMENTATION_COMMENTS = YES;
				CLANG_WARN_EMPTY_BODY = YES;
				CLANG_WARN_ENUM_CONVERSION = YES;
				CLANG_WARN_INFINITE_RECURSION = YES;
				CLANG_WARN_INT_CONVERSION = YES;
				CLANG_WARN_NON_LITERAL_NULL_CONVERSION = YES;
				CLANG_WARN_OBJC_IMPLICIT_RETAIN_SELF = YES;
				CLANG_WARN_OBJC_LITERAL_CONVERSION = YES;
				CLANG_WARN_OBJC_ROOT_CLASS = YES_ERROR;
				CLANG_WARN_QUOTED_INCLUDE_IN_FRAMEWORK_HEADER = YES;
				CLANG_WARN_RANGE_LOOP_ANALYSIS = YES;
				CLANG_WARN_STRICT_PROTOTYPES = YES;
				CLANG_WARN_SUSPICIOUS_MOVE = YES;
				CLANG_WARN_UNGUARDED_AVAILABILITY = YES_AGGRESSIVE;
				CLANG_WARN_UNREACHABLE_CODE = YES;
				CLANG_WARN__DUPLICATE_METHOD_MATCH = YES;
				COPY_PHASE_STRIP = NO;
				DEBUG_INFORMATION_FORMAT = "dwarf-with-dsym";
				ENABLE_NS_ASSERTIONS = NO;
				ENABLE_STRICT_OBJC_MSGSEND = YES;
				ENABLE_USER_SCRIPT_SANDBOXING = YES;
				GCC_C_LANGUAGE_STANDARD = gnu17;
				GCC_NO_COMMON_BLOCKS = YES;
				GCC_WARN_64_TO_32_BIT_CONVERSION = YES;
				GCC_WARN_ABOUT_RETURN_TYPE = YES_ERROR;
				GCC_WARN_UNDECLARED_SELECTOR = YES;
				GCC_WARN_UNINITIALIZED_AUTOS = YES_AGGRESSIVE;
				GCC_WARN_UNUSED_FUNCTION = YES;
				GCC_WARN_UNUSED_VARIABLE = YES;
				IPHONEOS_DEPLOYMENT_TARGET = 17.0;
				LOCALIZATION_PREFERS_STRING_CATALOGS = YES;
				MTL_ENABLE_DEBUG_INFO = NO;
				MTL_FAST_MATH = YES;
				SDKROOT = iphoneos;
				SWIFT_COMPILATION_MODE = wholemodule;
				VALIDATE_PRODUCT = YES;
			};
			name = Release;
		};
		3B56612D2AF814920012D200 /* Debug */ = {
			isa = XCBuildConfiguration;
			buildSettings = {
				ASSETCATALOG_COMPILER_APPICON_NAME = AppIcon;
				ASSETCATALOG_COMPILER_GLOBAL_ACCENT_COLOR_NAME = AccentColor;
				CODE_SIGN_STYLE = Automatic;
				CURRENT_PROJECT_VERSION = 1;
				DEVELOPMENT_ASSET_PATHS = "\"Avocados/Preview Content\"";
				DEVELOPMENT_TEAM = MP9J987NN4;
				ENABLE_PREVIEWS = YES;
				GENERATE_INFOPLIST_FILE = YES;
				INFOPLIST_FILE = Avocados/Info.plist;
				INFOPLIST_KEY_UIApplicationSceneManifest_Generation = YES;
				INFOPLIST_KEY_UIApplicationSupportsIndirectInputEvents = YES;
				INFOPLIST_KEY_UISupportedInterfaceOrientations_iPad = "UIInterfaceOrientationPortrait UIInterfaceOrientationPortraitUpsideDown UIInterfaceOrientationLandscapeLeft UIInterfaceOrientationLandscapeRight";
				INFOPLIST_KEY_UISupportedInterfaceOrientations_iPhone = "UIInterfaceOrientationPortrait UIInterfaceOrientationLandscapeLeft UIInterfaceOrientationLandscapeRight";
				LD_RUNPATH_SEARCH_PATHS = (
					"$(inherited)",
					"@executable_path/Frameworks",
				);
				MARKETING_VERSION = 1.0;
				PRODUCT_BUNDLE_IDENTIFIER = com.hiroyuki.shiraishi.Avocados;
				PRODUCT_NAME = "$(TARGET_NAME)";
				SWIFT_EMIT_LOC_STRINGS = YES;
				SWIFT_VERSION = 5.0;
				TARGETED_DEVICE_FAMILY = "1,2";
			};
			name = Debug;
		};
		3B56612E2AF814920012D200 /* Release */ = {
			isa = XCBuildConfiguration;
			buildSettings = {
				ASSETCATALOG_COMPILER_APPICON_NAME = AppIcon;
				ASSETCATALOG_COMPILER_GLOBAL_ACCENT_COLOR_NAME = AccentColor;
				CODE_SIGN_STYLE = Automatic;
				CURRENT_PROJECT_VERSION = 1;
				DEVELOPMENT_ASSET_PATHS = "\"Avocados/Preview Content\"";
				DEVELOPMENT_TEAM = MP9J987NN4;
				ENABLE_PREVIEWS = YES;
				GENERATE_INFOPLIST_FILE = YES;
				INFOPLIST_FILE = Avocados/Info.plist;
				INFOPLIST_KEY_UIApplicationSceneManifest_Generation = YES;
				INFOPLIST_KEY_UIApplicationSupportsIndirectInputEvents = YES;
				INFOPLIST_KEY_UISupportedInterfaceOrientations_iPad = "UIInterfaceOrientationPortrait UIInterfaceOrientationPortraitUpsideDown UIInterfaceOrientationLandscapeLeft UIInterfaceOrientationLandscapeRight";
				INFOPLIST_KEY_UISupportedInterfaceOrientations_iPhone = "UIInterfaceOrientationPortrait UIInterfaceOrientationLandscapeLeft UIInterfaceOrientationLandscapeRight";
				LD_RUNPATH_SEARCH_PATHS = (
					"$(inherited)",
					"@executable_path/Frameworks",
				);
				MARKETING_VERSION = 1.0;
				PRODUCT_BUNDLE_IDENTIFIER = com.hiroyuki.shiraishi.Avocados;
				PRODUCT_NAME = "$(TARGET_NAME)";
				SWIFT_EMIT_LOC_STRINGS = YES;
				SWIFT_VERSION = 5.0;
				TARGETED_DEVICE_FAMILY = "1,2";
			};
			name = Release;
		};
/* End XCBuildConfiguration section */

/* Begin XCConfigurationList section */
		3B5661142AF814910012D200 /* Build configuration list for PBXProject "Avocados" */ = {
			isa = XCConfigurationList;
			buildConfigurations = (
				3B56612A2AF814920012D200 /* Debug */,
				3B56612B2AF814920012D200 /* Release */,
			);
			defaultConfigurationIsVisible = 0;
			defaultConfigurationName = Release;
		};
		3B56612C2AF814920012D200 /* Build configuration list for PBXNativeTarget "Avocados" */ = {
			isa = XCConfigurationList;
			buildConfigurations = (
				3B56612D2AF814920012D200 /* Debug */,
				3B56612E2AF814920012D200 /* Release */,
			);
			defaultConfigurationIsVisible = 0;
			defaultConfigurationName = Release;
		};
/* End XCConfigurationList section */
	};
	rootObject = 3B5661112AF814910012D200 /* Project object */;
}
